
Microsoft Visual Studio Solution File, Format Version 12.00
# Visual Studio Version 17
VisualStudioVersion = 17.10.34916.146
MinimumVisualStudioVersion = 10.0.40219.1
Project("{FAE04EC0-301F-11D3-BF4B-00C04F79EFBC}") = "TestProject8", "TestProject8.csproj", "{8964BA50-D42B-4C13-A9E4-D3818C09ED3B}"
EndProject
Global
	GlobalSection(SolutionConfigurationPlatforms) = preSolution
		Debug|Any CPU = Debug|Any CPU
		Release|Any CPU = Release|Any CPU
	EndGlobalSection
	GlobalSection(ProjectConfigurationPlatforms) = postSolution
		{8964BA50-D42B-4C13-A9E4-D3818C09ED3B}.Debug|Any CPU.ActiveCfg = Debug|Any CPU
		{8964BA50-D42B-4C13-A9E4-D3818C09ED3B}.Debug|Any CPU.Build.0 = Debug|Any CPU
		{8964BA50-D42B-4C13-A9E4-D3818C09ED3B}.Release|Any CPU.ActiveCfg = Release|Any CPU
		{8964BA50-D42B-4C13-A9E4-D3818C09ED3B}.Release|Any CPU.Build.0 = Release|Any CPU
	EndGlobalSection
	GlobalSection(SolutionProperties) = preSolution
		HideSolutionNode = FALSE
	EndGlobalSection
	GlobalSection(ExtensibilityGlobals) = postSolution
		SolutionGuid = {0DA3A103-0864-4F0D-9ACC-40BFDC40A39E}
	EndGlobalSection
EndGlobal
